
Microsoft Visual Studio Solution File, Format Version 12.00
Project("{2150E333-8FDC-42A3-9474-1A3956D46DE8}") = "src", "src", "{362CE776-8A45-4353-B61B-D43103B2B96E}"
EndProject
Project("{2150E333-8FDC-42A3-9474-1A3956D46DE8}") = "tests", "tests", "{E50C252D-8A60-44DB-9525-DE611FC1B79A}"
EndProject
Project("{2150E333-8FDC-42A3-9474-1A3956D46DE8}") = "Infrastructure", "Infrastructure", "{508E06ED-C016-4540-B9B6-E4AD241F42B6}"
EndProject
Project("{2150E333-8FDC-42A3-9474-1A3956D46DE8}") = "Core", "Core", "{948C689E-8E8C-4CA4-B960-45B602344562}"
EndProject
Project("{2150E333-8FDC-42A3-9474-1A3956D46DE8}") = "Presentations", "Presentations", "{CC0004DE-1380-4F8C-BA1C-134590A8F4EC}"
EndProject
Project("{FAE04EC0-301F-11D3-BF4B-00C04F79EFBC}") = "SparkPlugSln.Domain", "SparkPlugSln.Domain\SparkPlugSln.Domain.csproj", "{45BC992B-7C6C-4F95-91D3-302DCD0D9EE1}"
EndProject
Project("{FAE04EC0-301F-11D3-BF4B-00C04F79EFBC}") = "SparkPlugSln.Application", "SparkPlugSln.Application\SparkPlugSln.Application.csproj", "{04389072-C6C9-40B5-A737-35A27CB6C28C}"
EndProject
Project("{FAE04EC0-301F-11D3-BF4B-00C04F79EFBC}") = "SparkPlugSln.Persistence", "SparkPlugSln.Persistence\SparkPlugSln.Persistence.csproj", "{9EB05E25-F8E9-4F6E-A050-596EBE0AEA05}"
EndProject
Project("{FAE04EC0-301F-11D3-BF4B-00C04F79EFBC}") = "SparkPlugSln.Api", "SparkPlugSln.Api\SparkPlugSln.Api.csproj", "{0D976DBF-7E66-4086-B526-25A155C038D1}"
EndProject
Global
	GlobalSection(SolutionConfigurationPlatforms) = preSolution
		Debug|Any CPU = Debug|Any CPU
		Release|Any CPU = Release|Any CPU
	EndGlobalSection
	GlobalSection(NestedProjects) = preSolution
		{508E06ED-C016-4540-B9B6-E4AD241F42B6} = {362CE776-8A45-4353-B61B-D43103B2B96E}
		{948C689E-8E8C-4CA4-B960-45B602344562} = {362CE776-8A45-4353-B61B-D43103B2B96E}
		{CC0004DE-1380-4F8C-BA1C-134590A8F4EC} = {362CE776-8A45-4353-B61B-D43103B2B96E}
		{45BC992B-7C6C-4F95-91D3-302DCD0D9EE1} = {948C689E-8E8C-4CA4-B960-45B602344562}
		{04389072-C6C9-40B5-A737-35A27CB6C28C} = {948C689E-8E8C-4CA4-B960-45B602344562}
		{9EB05E25-F8E9-4F6E-A050-596EBE0AEA05} = {508E06ED-C016-4540-B9B6-E4AD241F42B6}
		{0D976DBF-7E66-4086-B526-25A155C038D1} = {CC0004DE-1380-4F8C-BA1C-134590A8F4EC}
	EndGlobalSection
	GlobalSection(ProjectConfigurationPlatforms) = postSolution
		{45BC992B-7C6C-4F95-91D3-302DCD0D9EE1}.Debug|Any CPU.ActiveCfg = Debug|Any CPU
		{45BC992B-7C6C-4F95-91D3-302DCD0D9EE1}.Debug|Any CPU.Build.0 = Debug|Any CPU
		{45BC992B-7C6C-4F95-91D3-302DCD0D9EE1}.Release|Any CPU.ActiveCfg = Release|Any CPU
		{45BC992B-7C6C-4F95-91D3-302DCD0D9EE1}.Release|Any CPU.Build.0 = Release|Any CPU
		{04389072-C6C9-40B5-A737-35A27CB6C28C}.Debug|Any CPU.ActiveCfg = Debug|Any CPU
		{04389072-C6C9-40B5-A737-35A27CB6C28C}.Debug|Any CPU.Build.0 = Debug|Any CPU
		{04389072-C6C9-40B5-A737-35A27CB6C28C}.Release|Any CPU.ActiveCfg = Release|Any CPU
		{04389072-C6C9-40B5-A737-35A27CB6C28C}.Release|Any CPU.Build.0 = Release|Any CPU
		{9EB05E25-F8E9-4F6E-A050-596EBE0AEA05}.Debug|Any CPU.ActiveCfg = Debug|Any CPU
		{9EB05E25-F8E9-4F6E-A050-596EBE0AEA05}.Debug|Any CPU.Build.0 = Debug|Any CPU
		{9EB05E25-F8E9-4F6E-A050-596EBE0AEA05}.Release|Any CPU.ActiveCfg = Release|Any CPU
		{9EB05E25-F8E9-4F6E-A050-596EBE0AEA05}.Release|Any CPU.Build.0 = Release|Any CPU
		{0D976DBF-7E66-4086-B526-25A155C038D1}.Debug|Any CPU.ActiveCfg = Debug|Any CPU
		{0D976DBF-7E66-4086-B526-25A155C038D1}.Debug|Any CPU.Build.0 = Debug|Any CPU
		{0D976DBF-7E66-4086-B526-25A155C038D1}.Release|Any CPU.ActiveCfg = Release|Any CPU
		{0D976DBF-7E66-4086-B526-25A155C038D1}.Release|Any CPU.Build.0 = Release|Any CPU
	EndGlobalSection
EndGlobal
